
Microsoft Visual Studio Solution File, Format Version 12.00
# Visual Studio 2013
VisualStudioVersion = 12.0.40629.0
MinimumVisualStudioVersion = 10.0.40219.1
Project("{8BC9CEB8-8B4A-11D0-8D11-00A0C91BC942}") = "Chapter1_Policies", "..\Chapter1_Policies\Chapter1_Policies.vcxproj", "{887DAEE7-22A8-42F6-A5C1-178B2A877AE4}"
EndProject
Project("{8BC9CEB8-8B4A-11D0-8D11-00A0C91BC942}") = "Chapter2_Techniques", "..\Chapter2_Techniques\Chapter2_Techniques.vcxproj", "{CA385AAE-005D-478F-8CA9-9A8C5F4431F7}"
EndProject
Project("{8BC9CEB8-8B4A-11D0-8D11-00A0C91BC942}") = "ModernCppDesign", "ModernCppDesign\ModernCppDesign.vcxproj", "{2C69BDD1-45D5-46E9-90D3-8DC4D525EBAC}"
	ProjectSection(ProjectDependencies) = postProject
		{B11F7729-F975-4F31-A1C6-1A97BE4D54A1} = {B11F7729-F975-4F31-A1C6-1A97BE4D54A1}
		{15327B75-FC59-409F-A0BF-350B876C6623} = {15327B75-FC59-409F-A0BF-350B876C6623}
		{D487F57E-08F3-4261-819C-16DEE2C70E4A} = {D487F57E-08F3-4261-819C-16DEE2C70E4A}
		{CA385AAE-005D-478F-8CA9-9A8C5F4431F7} = {CA385AAE-005D-478F-8CA9-9A8C5F4431F7}
		{887DAEE7-22A8-42F6-A5C1-178B2A877AE4} = {887DAEE7-22A8-42F6-A5C1-178B2A877AE4}
		{5F42F2F0-3B09-482F-BCF1-4F1CC001B209} = {5F42F2F0-3B09-482F-BCF1-4F1CC001B209}
		{A2456AF4-DB7A-4779-A798-4EAF71B803EC} = {A2456AF4-DB7A-4779-A798-4EAF71B803EC}
	EndProjectSection
EndProject
Project("{8BC9CEB8-8B4A-11D0-8D11-00A0C91BC942}") = "TheBindingOfCppDesign", "..\TheBindingOfCppDesign\TheBindingOfCppDesign.vcxproj", "{F9228A3D-3B72-40D5-941A-56AEBFC493E4}"
EndProject
Project("{8BC9CEB8-8B4A-11D0-8D11-00A0C91BC942}") = "Chapter3_Typelists", "..\Chapter3_Typelists\Chapter3_Typelists.vcxproj", "{A2456AF4-DB7A-4779-A798-4EAF71B803EC}"
EndProject
Project("{8BC9CEB8-8B4A-11D0-8D11-00A0C91BC942}") = "Chapter4_SmallObjectAlloc", "..\Chapter4_SmallObjectAlloc\Chapter4_SmallObjectAlloc.vcxproj", "{15327B75-FC59-409F-A0BF-350B876C6623}"
EndProject
Project("{8BC9CEB8-8B4A-11D0-8D11-00A0C91BC942}") = "Chapter5_Functors", "..\Chapter5_Functors\Chapter5_Functors.vcxproj", "{5F42F2F0-3B09-482F-BCF1-4F1CC001B209}"
EndProject
Project("{8BC9CEB8-8B4A-11D0-8D11-00A0C91BC942}") = "Chapter7_SmartPointers", "..\Chapter7_SmartPointers\Chapter7_SmartPointers.vcxproj", "{D487F57E-08F3-4261-819C-16DEE2C70E4A}"
EndProject
Project("{8BC9CEB8-8B4A-11D0-8D11-00A0C91BC942}") = "Chapter6_Singleton", "..\Chapter6_Singleton\Chapter6_Singleton.vcxproj", "{B11F7729-F975-4F31-A1C6-1A97BE4D54A1}"
EndProject
Project("{8BC9CEB8-8B4A-11D0-8D11-00A0C91BC942}") = "Chapter8_ObjectFactories", "..\Chapter8_ObjectFactories\Chapter8_ObjectFactories.vcxproj", "{81BFFB07-648B-4189-BE7C-DB613DDD01C8}"
EndProject
Global
	GlobalSection(SolutionConfigurationPlatforms) = preSolution
		Debug|ARM = Debug|ARM
		Debug|Win32 = Debug|Win32
		Debug|x64 = Debug|x64
		Release|ARM = Release|ARM
		Release|Win32 = Release|Win32
		Release|x64 = Release|x64
	EndGlobalSection
	GlobalSection(ProjectConfigurationPlatforms) = postSolution
		{887DAEE7-22A8-42F6-A5C1-178B2A877AE4}.Debug|ARM.ActiveCfg = Debug|Win32
		{887DAEE7-22A8-42F6-A5C1-178B2A877AE4}.Debug|Win32.ActiveCfg = Debug|Win32
		{887DAEE7-22A8-42F6-A5C1-178B2A877AE4}.Debug|Win32.Build.0 = Debug|Win32
		{887DAEE7-22A8-42F6-A5C1-178B2A877AE4}.Debug|x64.ActiveCfg = Debug|Win32
		{887DAEE7-22A8-42F6-A5C1-178B2A877AE4}.Release|ARM.ActiveCfg = Release|Win32
		{887DAEE7-22A8-42F6-A5C1-178B2A877AE4}.Release|Win32.ActiveCfg = Release|Win32
		{887DAEE7-22A8-42F6-A5C1-178B2A877AE4}.Release|Win32.Build.0 = Release|Win32
		{887DAEE7-22A8-42F6-A5C1-178B2A877AE4}.Release|x64.ActiveCfg = Release|Win32
		{CA385AAE-005D-478F-8CA9-9A8C5F4431F7}.Debug|ARM.ActiveCfg = Debug|Win32
		{CA385AAE-005D-478F-8CA9-9A8C5F4431F7}.Debug|Win32.ActiveCfg = Debug|Win32
		{CA385AAE-005D-478F-8CA9-9A8C5F4431F7}.Debug|Win32.Build.0 = Debug|Win32
		{CA385AAE-005D-478F-8CA9-9A8C5F4431F7}.Debug|x64.ActiveCfg = Debug|Win32
		{CA385AAE-005D-478F-8CA9-9A8C5F4431F7}.Release|ARM.ActiveCfg = Release|Win32
		{CA385AAE-005D-478F-8CA9-9A8C5F4431F7}.Release|Win32.ActiveCfg = Release|Win32
		{CA385AAE-005D-478F-8CA9-9A8C5F4431F7}.Release|Win32.Build.0 = Release|Win32
		{CA385AAE-005D-478F-8CA9-9A8C5F4431F7}.Release|x64.ActiveCfg = Release|Win32
		{2C69BDD1-45D5-46E9-90D3-8DC4D525EBAC}.Debug|ARM.ActiveCfg = Debug|Win32
		{2C69BDD1-45D5-46E9-90D3-8DC4D525EBAC}.Debug|Win32.ActiveCfg = Debug|Win32
		{2C69BDD1-45D5-46E9-90D3-8DC4D525EBAC}.Debug|Win32.Build.0 = Debug|Win32
		{2C69BDD1-45D5-46E9-90D3-8DC4D525EBAC}.Debug|x64.ActiveCfg = Debug|Win32
		{2C69BDD1-45D5-46E9-90D3-8DC4D525EBAC}.Release|ARM.ActiveCfg = Release|Win32
		{2C69BDD1-45D5-46E9-90D3-8DC4D525EBAC}.Release|Win32.ActiveCfg = Release|Win32
		{2C69BDD1-45D5-46E9-90D3-8DC4D525EBAC}.Release|Win32.Build.0 = Release|Win32
		{2C69BDD1-45D5-46E9-90D3-8DC4D525EBAC}.Release|x64.ActiveCfg = Release|Win32
		{F9228A3D-3B72-40D5-941A-56AEBFC493E4}.Debug|ARM.ActiveCfg = Debug|Win32
		{F9228A3D-3B72-40D5-941A-56AEBFC493E4}.Debug|Win32.ActiveCfg = Debug|Win32
		{F9228A3D-3B72-40D5-941A-56AEBFC493E4}.Debug|Win32.Build.0 = Debug|Win32
		{F9228A3D-3B72-40D5-941A-56AEBFC493E4}.Debug|x64.ActiveCfg = Debug|Win32
		{F9228A3D-3B72-40D5-941A-56AEBFC493E4}.Release|ARM.ActiveCfg = Release|Win32
		{F9228A3D-3B72-40D5-941A-56AEBFC493E4}.Release|Win32.ActiveCfg = Release|Win32
		{F9228A3D-3B72-40D5-941A-56AEBFC493E4}.Release|Win32.Build.0 = Release|Win32
		{F9228A3D-3B72-40D5-941A-56AEBFC493E4}.Release|x64.ActiveCfg = Release|Win32
		{A2456AF4-DB7A-4779-A798-4EAF71B803EC}.Debug|ARM.ActiveCfg = Debug|Win32
		{A2456AF4-DB7A-4779-A798-4EAF71B803EC}.Debug|Win32.ActiveCfg = Debug|Win32
		{A2456AF4-DB7A-4779-A798-4EAF71B803EC}.Debug|Win32.Build.0 = Debug|Win32
		{A2456AF4-DB7A-4779-A798-4EAF71B803EC}.Debug|x64.ActiveCfg = Debug|Win32
		{A2456AF4-DB7A-4779-A798-4EAF71B803EC}.Release|ARM.ActiveCfg = Release|Win32
		{A2456AF4-DB7A-4779-A798-4EAF71B803EC}.Release|Win32.ActiveCfg = Release|Win32
		{A2456AF4-DB7A-4779-A798-4EAF71B803EC}.Release|Win32.Build.0 = Release|Win32
		{A2456AF4-DB7A-4779-A798-4EAF71B803EC}.Release|x64.ActiveCfg = Release|Win32
		{15327B75-FC59-409F-A0BF-350B876C6623}.Debug|ARM.ActiveCfg = Debug|Win32
		{15327B75-FC59-409F-A0BF-350B876C6623}.Debug|Win32.ActiveCfg = Debug|Win32
		{15327B75-FC59-409F-A0BF-350B876C6623}.Debug|Win32.Build.0 = Debug|Win32
		{15327B75-FC59-409F-A0BF-350B876C6623}.Debug|x64.ActiveCfg = Debug|Win32
		{15327B75-FC59-409F-A0BF-350B876C6623}.Release|ARM.ActiveCfg = Release|Win32
		{15327B75-FC59-409F-A0BF-350B876C6623}.Release|Win32.ActiveCfg = Release|Win32
		{15327B75-FC59-409F-A0BF-350B876C6623}.Release|Win32.Build.0 = Release|Win32
		{15327B75-FC59-409F-A0BF-350B876C6623}.Release|x64.ActiveCfg = Release|Win32
		{5F42F2F0-3B09-482F-BCF1-4F1CC001B209}.Debug|ARM.ActiveCfg = Debug|Win32
		{5F42F2F0-3B09-482F-BCF1-4F1CC001B209}.Debug|Win32.ActiveCfg = Debug|Win32
		{5F42F2F0-3B09-482F-BCF1-4F1CC001B209}.Debug|Win32.Build.0 = Debug|Win32
		{5F42F2F0-3B09-482F-BCF1-4F1CC001B209}.Debug|x64.ActiveCfg = Debug|Win32
		{5F42F2F0-3B09-482F-BCF1-4F1CC001B209}.Release|ARM.ActiveCfg = Release|Win32
		{5F42F2F0-3B09-482F-BCF1-4F1CC001B209}.Release|Win32.ActiveCfg = Release|Win32
		{5F42F2F0-3B09-482F-BCF1-4F1CC001B209}.Release|Win32.Build.0 = Release|Win32
		{5F42F2F0-3B09-482F-BCF1-4F1CC001B209}.Release|x64.ActiveCfg = Release|Win32
		{D487F57E-08F3-4261-819C-16DEE2C70E4A}.Debug|ARM.ActiveCfg = Debug|Win32
		{D487F57E-08F3-4261-819C-16DEE2C70E4A}.Debug|Win32.ActiveCfg = Debug|Win32
		{D487F57E-08F3-4261-819C-16DEE2C70E4A}.Debug|Win32.Build.0 = Debug|Win32
		{D487F57E-08F3-4261-819C-16DEE2C70E4A}.Debug|x64.ActiveCfg = Debug|Win32
		{D487F57E-08F3-4261-819C-16DEE2C70E4A}.Release|ARM.ActiveCfg = Release|Win32
		{D487F57E-08F3-4261-819C-16DEE2C70E4A}.Release|Win32.ActiveCfg = Release|Win32
		{D487F57E-08F3-4261-819C-16DEE2C70E4A}.Release|Win32.Build.0 = Release|Win32
		{D487F57E-08F3-4261-819C-16DEE2C70E4A}.Release|x64.ActiveCfg = Release|Win32
		{B11F7729-F975-4F31-A1C6-1A97BE4D54A1}.Debug|ARM.ActiveCfg = Debug|Win32
		{B11F7729-F975-4F31-A1C6-1A97BE4D54A1}.Debug|Win32.ActiveCfg = Debug|Win32
		{B11F7729-F975-4F31-A1C6-1A97BE4D54A1}.Debug|Win32.Build.0 = Debug|Win32
		{B11F7729-F975-4F31-A1C6-1A97BE4D54A1}.Debug|x64.ActiveCfg = Debug|Win32
		{B11F7729-F975-4F31-A1C6-1A97BE4D54A1}.Release|ARM.ActiveCfg = Release|Win32
		{B11F7729-F975-4F31-A1C6-1A97BE4D54A1}.Release|Win32.ActiveCfg = Release|Win32
		{B11F7729-F975-4F31-A1C6-1A97BE4D54A1}.Release|Win32.Build.0 = Release|Win32
		{B11F7729-F975-4F31-A1C6-1A97BE4D54A1}.Release|x64.ActiveCfg = Release|Win32
		{81BFFB07-648B-4189-BE7C-DB613DDD01C8}.Debug|ARM.ActiveCfg = Debug|Win32
		{81BFFB07-648B-4189-BE7C-DB613DDD01C8}.Debug|Win32.ActiveCfg = Debug|Win32
		{81BFFB07-648B-4189-BE7C-DB613DDD01C8}.Debug|Win32.Build.0 = Debug|Win32
		{81BFFB07-648B-4189-BE7C-DB613DDD01C8}.Debug|x64.ActiveCfg = Debug|Win32
		{81BFFB07-648B-4189-BE7C-DB613DDD01C8}.Release|ARM.ActiveCfg = Release|Win32
		{81BFFB07-648B-4189-BE7C-DB613DDD01C8}.Release|Win32.ActiveCfg = Release|Win32
		{81BFFB07-648B-4189-BE7C-DB613DDD01C8}.Release|Win32.Build.0 = Release|Win32
		{81BFFB07-648B-4189-BE7C-DB613DDD01C8}.Release|x64.ActiveCfg = Release|Win32
	EndGlobalSection
	GlobalSection(SolutionProperties) = preSolution
		HideSolutionNode = FALSE
	EndGlobalSection
EndGlobal
